{
  "name": "dispositivosMoveis",
  "lockfileVersion": 3,
  "requires": true,
  "packages": {
    "": {
      "dependencies": {
        "@gluestack-ui/input": "^0.1.38"
      }
    },
    "node_modules/@gluestack-ui/form-control": {
      "version": "0.1.19",
      "resolved": "https://registry.npmjs.org/@gluestack-ui/form-control/-/form-control-0.1.19.tgz",
      "integrity": "sha512-6YbPbi/RZrXc5DyVPbxPV17FYaBoEl1yAdSwut8iE6n+yQekjluINrh2q5ZPWF2SGmyo7VSNcL85yeU5I97xHg==",
      "dependencies": {
        "@gluestack-ui/utils": "^0.1.14",
        "@react-native-aria/focus": "^0.2.9"
      },
      "peerDependencies": {
        "react": ">=16",
        "react-dom": ">=16"
      }
    },
    "node_modules/@gluestack-ui/input": {
      "version": "0.1.38",
      "resolved": "https://registry.npmjs.org/@gluestack-ui/input/-/input-0.1.38.tgz",
      "integrity": "sha512-NzwDOXkkMYzBQ0h7UnhKA2h54/qlxDxMFGXykkmYOl7mc7QJc1aJaveo4yMHtpYvcQG17xLyD+Z+5CQYA76nvw==",
      "dependencies": {
        "@gluestack-ui/form-control": "^0.1.19",
        "@gluestack-ui/utils": "^0.1.15",
        "@react-native-aria/focus": "^0.2.9",
        "@react-native-aria/interactions": "0.2.16"
      },
      "peerDependencies": {
        "react": ">=16",
        "react-dom": ">=16"
      }
    },
    "node_modules/@gluestack-ui/utils": {
      "version": "0.1.15",
      "resolved": "https://registry.npmjs.org/@gluestack-ui/utils/-/utils-0.1.15.tgz",
      "integrity": "sha512-LRBMv+tr+bV4falMYS2zSt94PxL0vpvUN6F9d6oTqOYKhkiAkU6k2ROfNlT323m0CoTQto1LkJhPxULisQ2oeQ==",
      "dependencies": {
        "@react-native-aria/focus": "^0.2.9"
      },
      "peerDependencies": {
        "react": ">=16",
        "react-dom": ">=16"
      }
    },
    "node_modules/@react-aria/focus": {
      "version": "3.20.1",
      "resolved": "https://registry.npmjs.org/@react-aria/focus/-/focus-3.20.1.tgz",
      "integrity": "sha512-lgYs+sQ1TtBrAXnAdRBQrBo0/7o5H6IrfDxec1j+VRpcXL0xyk0xPq+m3lZp8typzIghqDgpnKkJ5Jf4OrzPIw==",
      "license": "Apache-2.0",
      "dependencies": {
        "@react-aria/interactions": "^3.24.1",
        "@react-aria/utils": "^3.28.1",
        "@react-types/shared": "^3.28.0",
        "@swc/helpers": "^0.5.0",
        "clsx": "^2.0.0"
      },
      "peerDependencies": {
        "react": "^16.8.0 || ^17.0.0-rc.1 || ^18.0.0 || ^19.0.0-rc.1",
        "react-dom": "^16.8.0 || ^17.0.0-rc.1 || ^18.0.0 || ^19.0.0-rc.1"
      }
    },
    "node_modules/@react-aria/interactions": {
      "version": "3.24.1",
      "resolved": "https://registry.npmjs.org/@react-aria/interactions/-/interactions-3.24.1.tgz",
      "integrity": "sha512-OWEcIC6UQfWq4Td5Ptuh4PZQ4LHLJr/JL2jGYvuNL6EgL3bWvzPrRYIF/R64YbfVxIC7FeZpPSkS07sZ93/NoA==",
      "license": "Apache-2.0",
      "dependencies": {
        "@react-aria/ssr": "^3.9.7",
        "@react-aria/utils": "^3.28.1",
        "@react-stately/flags": "^3.1.0",
        "@react-types/shared": "^3.28.0",
        "@swc/helpers": "^0.5.0"
      },
      "peerDependencies": {
        "react": "^16.8.0 || ^17.0.0-rc.1 || ^18.0.0 || ^19.0.0-rc.1",
        "react-dom": "^16.8.0 || ^17.0.0-rc.1 || ^18.0.0 || ^19.0.0-rc.1"
      }
    },
    "node_modules/@react-aria/ssr": {
      "version": "3.9.7",
      "resolved": "https://registry.npmjs.org/@react-aria/ssr/-/ssr-3.9.7.tgz",
      "integrity": "sha512-GQygZaGlmYjmYM+tiNBA5C6acmiDWF52Nqd40bBp0Znk4M4hP+LTmI0lpI1BuKMw45T8RIhrAsICIfKwZvi2Gg==",
      "license": "Apache-2.0",
      "dependencies": {
        "@swc/helpers": "^0.5.0"
      },
      "engines": {
        "node": ">= 12"
      },
      "peerDependencies": {
        "react": "^16.8.0 || ^17.0.0-rc.1 || ^18.0.0 || ^19.0.0-rc.1"
      }
    },
    "node_modules/@react-aria/utils": {
      "version": "3.28.1",
      "resolved": "https://registry.npmjs.org/@react-aria/utils/-/utils-3.28.1.tgz",
      "integrity": "sha512-mnHFF4YOVu9BRFQ1SZSKfPhg3z+lBRYoW5mLcYTQihbKhz48+I1sqRkP7ahMITr8ANH3nb34YaMME4XWmK2Mgg==",
      "license": "Apache-2.0",
      "dependencies": {
        "@react-aria/ssr": "^3.9.7",
        "@react-stately/flags": "^3.1.0",
        "@react-stately/utils": "^3.10.5",
        "@react-types/shared": "^3.28.0",
        "@swc/helpers": "^0.5.0",
        "clsx": "^2.0.0"
      },
      "peerDependencies": {
        "react": "^16.8.0 || ^17.0.0-rc.1 || ^18.0.0 || ^19.0.0-rc.1",
        "react-dom": "^16.8.0 || ^17.0.0-rc.1 || ^18.0.0 || ^19.0.0-rc.1"
      }
    },
    "node_modules/@react-native-aria/focus": {
      "version": "0.2.9",
      "resolved": "https://registry.npmjs.org/@react-native-aria/focus/-/focus-0.2.9.tgz",
      "integrity": "sha512-zVgOIzKwnsyyurUxlZnzUKB2ekK/cmK64sQJIKKUlkJKVxd2EAFf7Sjz/NVEoMhTODN3qGRASTv9bMk/pBzzVA==",
      "license": "MIT",
      "dependencies": {
        "@react-aria/focus": "^3.2.3"
      },
      "peerDependencies": {
        "react": "*",
        "react-native": "*"
      }
    },
    "node_modules/@react-native-aria/interactions": {
      "version": "0.2.16",
      "resolved": "https://registry.npmjs.org/@react-native-aria/interactions/-/interactions-0.2.16.tgz",
      "integrity": "sha512-tJ7mhG0P6cElLTcL4yfV3HSfqdD8tpAwHKjtamyeua8i6tsu7BOxGmfGmPQ5ueJl7/mHqf8xyTv1xGW288CKXQ==",
      "license": "MIT",
      "dependencies": {
        "@react-aria/interactions": "^3.3.2",
        "@react-aria/utils": "^3.6.0",
        "@react-native-aria/utils": "0.2.12"
      },
      "peerDependencies": {
        "react": "*",
        "react-native": "*"
      }
    },
    "node_modules/@react-native-aria/utils": {
      "version": "0.2.12",
      "resolved": "https://registry.npmjs.org/@react-native-aria/utils/-/utils-0.2.12.tgz",
      "integrity": "sha512-752/tQ5fjDdc/3Gw8cKqml4NucfiFrO8wPmlg0bBgaCvfQDJaUMi4grme3/fBPCUoK2wk9/yJHfwkv45Gi5Eew==",
      "license": "MIT",
      "dependencies": {
        "@react-aria/ssr": "^3.0.1",
        "@react-aria/utils": "^3.3.0"
      },
      "peerDependencies": {
        "react": "*",
        "react-native": "*"
      }
    },
    "node_modules/@react-stately/flags": {
      "version": "3.1.0",
      "resolved": "https://registry.npmjs.org/@react-stately/flags/-/flags-3.1.0.tgz",
      "integrity": "sha512-KSHOCxTFpBtxhIRcKwsD1YDTaNxFtCYuAUb0KEihc16QwqZViq4hasgPBs2gYm7fHRbw7WYzWKf6ZSo/+YsFlg==",
      "license": "Apache-2.0",
      "dependencies": {
        "@swc/helpers": "^0.5.0"
      }
    },
    "node_modules/@react-stately/utils": {
      "version": "3.10.5",
      "resolved": "https://registry.npmjs.org/@react-stately/utils/-/utils-3.10.5.tgz",
      "integrity": "sha512-iMQSGcpaecghDIh3mZEpZfoFH3ExBwTtuBEcvZ2XnGzCgQjeYXcMdIUwAfVQLXFTdHUHGF6Gu6/dFrYsCzySBQ==",
      "license": "Apache-2.0",
      "dependencies": {
        "@swc/helpers": "^0.5.0"
      },
      "peerDependencies": {
        "react": "^16.8.0 || ^17.0.0-rc.1 || ^18.0.0 || ^19.0.0-rc.1"
      }
    },
    "node_modules/@react-types/shared": {
      "version": "3.28.0",
      "resolved": "https://registry.npmjs.org/@react-types/shared/-/shared-3.28.0.tgz",
      "integrity": "sha512-9oMEYIDc3sk0G5rysnYvdNrkSg7B04yTKl50HHSZVbokeHpnU0yRmsDaWb9B/5RprcKj8XszEk5guBO8Sa/Q+Q==",
      "license": "Apache-2.0",
      "peerDependencies": {
        "react": "^16.8.0 || ^17.0.0-rc.1 || ^18.0.0 || ^19.0.0-rc.1"
      }
    },
    "node_modules/@swc/helpers": {
      "version": "0.5.15",
      "resolved": "https://registry.npmjs.org/@swc/helpers/-/helpers-0.5.15.tgz",
      "integrity": "sha512-JQ5TuMi45Owi4/BIMAJBoSQoOJu12oOk/gADqlcUL9JEdHB8vyjUSsxqeNXnmXHjYKMi2WcYtezGEEhqUI/E2g==",
      "license": "Apache-2.0",
      "dependencies": {
        "tslib": "^2.8.0"
      }
    },
    "node_modules/clsx": {
      "version": "2.1.1",
      "resolved": "https://registry.npmjs.org/clsx/-/clsx-2.1.1.tgz",
      "integrity": "sha512-eYm0QWBtUrBWZWG0d386OGAw16Z995PiOVo2B7bjWSbHedGl5e0ZWaq65kOGgUSNesEIDkB9ISbTg/JK9dhCZA==",
      "license": "MIT",
      "engines": {
        "node": ">=6"
      }
    },
    "node_modules/tslib": {
      "version": "2.8.1",
      "resolved": "https://registry.npmjs.org/tslib/-/tslib-2.8.1.tgz",
      "integrity": "sha512-oJFu94HQb+KVduSUQL7wnpmqnfmLsOA/nAh6b6EH0wCEoK0/mPeXU6c3wKDV83MkOuHPRHtSXKKU99IBazS/2w==",
      "license": "0BSD"
    }
  }
}
